{
  "version": 4,
  "terraform_version": "1.9.7",
  "serial": 2,
  "lineage": "5c88d7e7-8067-1a56-96f9-758de811ea95",
  "outputs": {},
  "resources": [
    {
      "mode": "managed",
      "type": "hcloud_server",
      "name": "existing_instance",
      "provider": "provider[\"registry.terraform.io/hetznercloud/hcloud\"]",
      "instances": [
        {
          "schema_version": 0,
          "attributes": {
            "allow_deprecated_images": null,
            "backup_window": "10-14",
            "backups": true,
            "datacenter": "fsn1-dc14",
            "delete_protection": false,
            "firewall_ids": [],
            "id": "54393694",
            "ignore_remote_firewall_ids": null,
            "image": "ubuntu-24.04",
            "ipv4_address": "116.202.22.137",
            "ipv6_address": "2a01:4f8:c013:cef::1",
            "ipv6_network": "2a01:4f8:c013:cef::/64",
            "iso": null,
            "keep_disk": null,
            "labels": {},
            "location": "fsn1",
            "name": "slicer",
            "network": [],
            "placement_group_id": 0,
            "primary_disk_size": 40,
            "public_net": [],
            "rebuild_protection": false,
            "rescue": null,
            "server_type": "cx22",
            "shutdown_before_deletion": null,
            "ssh_keys": null,
            "status": "running",
            "timeouts": null,
            "user_data": null
          },
          "sensitive_attributes": [],
          "private": "eyJlMmJmYjczMC1lY2FhLTExZTYtOGY4OC0zNDM2M2JjN2M0YzAiOnsiY3JlYXRlIjo1NDAwMDAwMDAwMDAwfSwic2NoZW1hX3ZlcnNpb24iOiIwIn0="
        }
      ]
    }
  ],
  "check_results": null
}
